{
  "name": "module",
  "version": "1.0.0",
  "lockfileVersion": 3,
  "requires": true,
  "packages": {
    "": {
      "name": "module",
      "version": "1.0.0",
      "license": "ISC",
      "dependencies": {
        "nahdi-flowrtc": "^1.0.6"
      }
    },
    "node_modules/nahdi-flowrtc": {
      "version": "1.0.6",
      "resolved": "https://registry.npmjs.org/nahdi-flowrtc/-/nahdi-flowrtc-1.0.6.tgz",
      "integrity": "sha512-2ccj6NXhlzZH8NtF70sJdo820Ez6FkpvctGtUPwatIQ0or/svleby1BefTdUFalt2bI8nC4UgDGUi/oiKYqDxQ==",
      "license": "SEE LICENSE IN LICENSE.txt"
    }
  }
}
